
Microsoft Visual Studio Solution File, Format Version 12.00
# Visual Studio 15
VisualStudioVersion = 15.0.27428.2015
MinimumVisualStudioVersion = 10.0.40219.1
Project("{8BC9CEB8-8B4A-11D0-8D11-00A0C91BC942}") = "ConsoleDemo", "ConsoleDemo.vcxproj", "{5C3B105F-C218-430D-846C-0FE4E026AB43}"
EndProject
Global
	GlobalSection(SolutionConfigurationPlatforms) = preSolution
		Debug|x64 = Debug|x64
		Release|x64 = Release|x64
	EndGlobalSection
	GlobalSection(ProjectConfigurationPlatforms) = postSolution
		{5C3B105F-C218-430D-846C-0FE4E026AB43}.Debug|x64.ActiveCfg = Debug|x64
		{5C3B105F-C218-430D-846C-0FE4E026AB43}.Debug|x64.Build.0 = Debug|x64
		{5C3B105F-C218-430D-846C-0FE4E026AB43}.Release|x64.ActiveCfg = Release|x64
		{5C3B105F-C218-430D-846C-0FE4E026AB43}.Release|x64.Build.0 = Release|x64
	EndGlobalSection
	GlobalSection(SolutionProperties) = preSolution
		HideSolutionNode = FALSE
	EndGlobalSection
	GlobalSection(ExtensibilityGlobals) = postSolution
		SolutionGuid = {70347A3C-E9FF-4457-98B9-F1458E625E45}
	EndGlobalSection
EndGlobal
